
Microsoft Visual Studio Solution File, Format Version 12.00
# Visual Studio Version 17
VisualStudioVersion = 17.14.36127.28 d17.14
MinimumVisualStudioVersion = 10.0.40219.1
Project("{FAE04EC0-301F-11D3-BF4B-00C04F79EFBC}") = "hiit-cli", "hiit-cli\hiit-cli.csproj", "{2CA967E2-4A61-4105-8D4D-6E78FB7C0943}"
EndProject
Global
	GlobalSection(SolutionConfigurationPlatforms) = preSolution
		Debug|Any CPU = Debug|Any CPU
		Release|Any CPU = Release|Any CPU
	EndGlobalSection
	GlobalSection(ProjectConfigurationPlatforms) = postSolution
		{2CA967E2-4A61-4105-8D4D-6E78FB7C0943}.Debug|Any CPU.ActiveCfg = Debug|Any CPU
		{2CA967E2-4A61-4105-8D4D-6E78FB7C0943}.Debug|Any CPU.Build.0 = Debug|Any CPU
		{2CA967E2-4A61-4105-8D4D-6E78FB7C0943}.Release|Any CPU.ActiveCfg = Release|Any CPU
		{2CA967E2-4A61-4105-8D4D-6E78FB7C0943}.Release|Any CPU.Build.0 = Release|Any CPU
	EndGlobalSection
	GlobalSection(SolutionProperties) = preSolution
		HideSolutionNode = FALSE
	EndGlobalSection
	GlobalSection(ExtensibilityGlobals) = postSolution
		SolutionGuid = {00274C8D-3874-44F0-84A7-C91DCD75046B}
	EndGlobalSection
EndGlobal
